
Microsoft Visual Studio Solution File, Format Version 12.00
# Visual Studio Version 17
VisualStudioVersion = 17.6.33723.286
MinimumVisualStudioVersion = 10.0.40219.1
Project("{FAE04EC0-301F-11D3-BF4B-00C04F79EFBC}") = "P414-Api", "P414-Api\P414-Api.csproj", "{CED8F418-72DF-406D-A789-90D9CA3541B0}"
EndProject
Project("{FAE04EC0-301F-11D3-BF4B-00C04F79EFBC}") = "Domain", "Domain\Domain.csproj", "{0345C1FB-FE77-4215-AA5B-D5AAB81FED82}"
EndProject
Project("{FAE04EC0-301F-11D3-BF4B-00C04F79EFBC}") = "Repository", "Repository\Repository.csproj", "{7940EAFC-54D3-45F2-B8DF-EA5CBA81AB4E}"
EndProject
Project("{FAE04EC0-301F-11D3-BF4B-00C04F79EFBC}") = "Service", "Service\Service.csproj", "{9635732E-A563-4DF4-9ACB-F3F2C496F7CD}"
EndProject
Global
	GlobalSection(SolutionConfigurationPlatforms) = preSolution
		Debug|Any CPU = Debug|Any CPU
		Release|Any CPU = Release|Any CPU
	EndGlobalSection
	GlobalSection(ProjectConfigurationPlatforms) = postSolution
		{CED8F418-72DF-406D-A789-90D9CA3541B0}.Debug|Any CPU.ActiveCfg = Debug|Any CPU
		{CED8F418-72DF-406D-A789-90D9CA3541B0}.Debug|Any CPU.Build.0 = Debug|Any CPU
		{CED8F418-72DF-406D-A789-90D9CA3541B0}.Release|Any CPU.ActiveCfg = Release|Any CPU
		{CED8F418-72DF-406D-A789-90D9CA3541B0}.Release|Any CPU.Build.0 = Release|Any CPU
		{0345C1FB-FE77-4215-AA5B-D5AAB81FED82}.Debug|Any CPU.ActiveCfg = Debug|Any CPU
		{0345C1FB-FE77-4215-AA5B-D5AAB81FED82}.Debug|Any CPU.Build.0 = Debug|Any CPU
		{0345C1FB-FE77-4215-AA5B-D5AAB81FED82}.Release|Any CPU.ActiveCfg = Release|Any CPU
		{0345C1FB-FE77-4215-AA5B-D5AAB81FED82}.Release|Any CPU.Build.0 = Release|Any CPU
		{7940EAFC-54D3-45F2-B8DF-EA5CBA81AB4E}.Debug|Any CPU.ActiveCfg = Debug|Any CPU
		{7940EAFC-54D3-45F2-B8DF-EA5CBA81AB4E}.Debug|Any CPU.Build.0 = Debug|Any CPU
		{7940EAFC-54D3-45F2-B8DF-EA5CBA81AB4E}.Release|Any CPU.ActiveCfg = Release|Any CPU
		{7940EAFC-54D3-45F2-B8DF-EA5CBA81AB4E}.Release|Any CPU.Build.0 = Release|Any CPU
		{9635732E-A563-4DF4-9ACB-F3F2C496F7CD}.Debug|Any CPU.ActiveCfg = Debug|Any CPU
		{9635732E-A563-4DF4-9ACB-F3F2C496F7CD}.Debug|Any CPU.Build.0 = Debug|Any CPU
		{9635732E-A563-4DF4-9ACB-F3F2C496F7CD}.Release|Any CPU.ActiveCfg = Release|Any CPU
		{9635732E-A563-4DF4-9ACB-F3F2C496F7CD}.Release|Any CPU.Build.0 = Release|Any CPU
	EndGlobalSection
	GlobalSection(SolutionProperties) = preSolution
		HideSolutionNode = FALSE
	EndGlobalSection
	GlobalSection(ExtensibilityGlobals) = postSolution
		SolutionGuid = {3F21C98C-FDB6-422B-9827-012CAAA8A553}
	EndGlobalSection
EndGlobal
